// !$*UTF8*$!
{
	archiveVersion = 1;
	classes = {
	};
	objectVersion = 48;
	objects = {

/* Begin PBXBuildFile section */
		4D3874C21FACD7BF00BD155B /* AppDelegate.swift in Sources */ = {isa = PBXBuildFile; fileRef = 4D3874C11FACD7BF00BD155B /* AppDelegate.swift */; };
		4D3874C71FACD7BF00BD155B /* Main.storyboard in Resources */ = {isa = PBXBuildFile; fileRef = 4D3874C51FACD7BF00BD155B /* Main.storyboard */; };
		4D3874C91FACD7BF00BD155B /* Assets.xcassets in Resources */ = {isa = PBXBuildFile; fileRef = 4D3874C81FACD7BF00BD155B /* Assets.xcassets */; };
		4D3874CC1FACD7BF00BD155B /* LaunchScreen.storyboard in Resources */ = {isa = PBXBuildFile; fileRef = 4D3874CA1FACD7BF00BD155B /* LaunchScreen.storyboard */; };
		4D3874D71FACD7BF00BD155B /* Field_SurveyTests.swift in Sources */ = {isa = PBXBuildFile; fileRef = 4D3874D61FACD7BF00BD155B /* Field_SurveyTests.swift */; };
		4D3874E21FACD7BF00BD155B /* Field_SurveyUITests.swift in Sources */ = {isa = PBXBuildFile; fileRef = 4D3874E11FACD7BF00BD155B /* Field_SurveyUITests.swift */; };
		4D3874F71FACDE8300BD155B /* field_observations.json in Resources */ = {isa = PBXBuildFile; fileRef = 4D3874F61FACDE8300BD155B /* field_observations.json */; };
		4D3874F91FACDF7B00BD155B /* Animals.swift in Sources */ = {isa = PBXBuildFile; fileRef = 4D3874F81FACDF7B00BD155B /* Animals.swift */; };
		4D3874FB1FACE1C200BD155B /* animalsEvent.swift in Sources */ = {isa = PBXBuildFile; fileRef = 4D3874FA1FACE1C200BD155B /* animalsEvent.swift */; };
		4D3874FD1FACE73F00BD155B /* animalsEventsJSONparser.swift in Sources */ = {isa = PBXBuildFile; fileRef = 4D3874FC1FACE73F00BD155B /* animalsEventsJSONparser.swift */; };
		4D3874FF1FACF9FC00BD155B /* AnimalsEventsJSONLoader.swift in Sources */ = {isa = PBXBuildFile; fileRef = 4D3874FE1FACF9FC00BD155B /* AnimalsEventsJSONLoader.swift */; };
		4D3875011FAD024700BD155B /* AnimalEventsViewController.swift in Sources */ = {isa = PBXBuildFile; fileRef = 4D3875001FAD024700BD155B /* AnimalEventsViewController.swift */; };
		4D3875031FAD02CC00BD155B /* AnimalEventDetailsViewController.swift in Sources */ = {isa = PBXBuildFile; fileRef = 4D3875021FAD02CC00BD155B /* AnimalEventDetailsViewController.swift */; };
		4D3875051FAD19A100BD155B /* AnimalEventTableViewCell.swift in Sources */ = {isa = PBXBuildFile; fileRef = 4D3875041FAD19A100BD155B /* AnimalEventTableViewCell.swift */; };
/* End PBXBuildFile section */

/* Begin PBXContainerItemProxy section */
		4D3874D31FACD7BF00BD155B /* PBXContainerItemProxy */ = {
			isa = PBXContainerItemProxy;
			containerPortal = 4D3874B61FACD7BF00BD155B /* Project object */;
			proxyType = 1;
			remoteGlobalIDString = 4D3874BD1FACD7BF00BD155B;
			remoteInfo = "Field Survey";
		};
		4D3874DE1FACD7BF00BD155B /* PBXContainerItemProxy */ = {
			isa = PBXContainerItemProxy;
			containerPortal = 4D3874B61FACD7BF00BD155B /* Project object */;
			proxyType = 1;
			remoteGlobalIDString = 4D3874BD1FACD7BF00BD155B;
			remoteInfo = "Field Survey";
		};
/* End PBXContainerItemProxy section */

/* Begin PBXFileReference section */
		4D3874BE1FACD7BF00BD155B /* Field Survey.app */ = {isa = PBXFileReference; explicitFileType = wrapper.application; includeInIndex = 0; path = "Field Survey.app"; sourceTree = BUILT_PRODUCTS_DIR; };
		4D3874C11FACD7BF00BD155B /* AppDelegate.swift */ = {isa = PBXFileReference; lastKnownFileType = sourcecode.swift; path = AppDelegate.swift; sourceTree = "<group>"; };
		4D3874C61FACD7BF00BD155B /* Base */ = {isa = PBXFileReference; lastKnownFileType = file.storyboard; name = Base; path = Base.lproj/Main.storyboard; sourceTree = "<group>"; };
		4D3874C81FACD7BF00BD155B /* Assets.xcassets */ = {isa = PBXFileReference; lastKnownFileType = folder.assetcatalog; path = Assets.xcassets; sourceTree = "<group>"; };
		4D3874CB1FACD7BF00BD155B /* Base */ = {isa = PBXFileReference; lastKnownFileType = file.storyboard; name = Base; path = Base.lproj/LaunchScreen.storyboard; sourceTree = "<group>"; };
		4D3874CD1FACD7BF00BD155B /* Info.plist */ = {isa = PBXFileReference; lastKnownFileType = text.plist.xml; path = Info.plist; sourceTree = "<group>"; };
		4D3874D21FACD7BF00BD155B /* Field SurveyTests.xctest */ = {isa = PBXFileReference; explicitFileType = wrapper.cfbundle; includeInIndex = 0; path = "Field SurveyTests.xctest"; sourceTree = BUILT_PRODUCTS_DIR; };
		4D3874D61FACD7BF00BD155B /* Field_SurveyTests.swift */ = {isa = PBXFileReference; lastKnownFileType = sourcecode.swift; path = Field_SurveyTests.swift; sourceTree = "<group>"; };
		4D3874D81FACD7BF00BD155B /* Info.plist */ = {isa = PBXFileReference; lastKnownFileType = text.plist.xml; path = Info.plist; sourceTree = "<group>"; };
		4D3874DD1FACD7BF00BD155B /* Field SurveyUITests.xctest */ = {isa = PBXFileReference; explicitFileType = wrapper.cfbundle; includeInIndex = 0; path = "Field SurveyUITests.xctest"; sourceTree = BUILT_PRODUCTS_DIR; };
		4D3874E11FACD7BF00BD155B /* Field_SurveyUITests.swift */ = {isa = PBXFileReference; lastKnownFileType = sourcecode.swift; path = Field_SurveyUITests.swift; sourceTree = "<group>"; };
		4D3874E31FACD7BF00BD155B /* Info.plist */ = {isa = PBXFileReference; lastKnownFileType = text.plist.xml; path = Info.plist; sourceTree = "<group>"; };
		4D3874F61FACDE8300BD155B /* field_observations.json */ = {isa = PBXFileReference; fileEncoding = 4; lastKnownFileType = text.json; path = field_observations.json; sourceTree = "<group>"; };
		4D3874F81FACDF7B00BD155B /* Animals.swift */ = {isa = PBXFileReference; lastKnownFileType = sourcecode.swift; path = Animals.swift; sourceTree = "<group>"; };
		4D3874FA1FACE1C200BD155B /* animalsEvent.swift */ = {isa = PBXFileReference; lastKnownFileType = sourcecode.swift; path = animalsEvent.swift; sourceTree = "<group>"; };
		4D3874FC1FACE73F00BD155B /* animalsEventsJSONparser.swift */ = {isa = PBXFileReference; lastKnownFileType = sourcecode.swift; path = animalsEventsJSONparser.swift; sourceTree = "<group>"; };
		4D3874FE1FACF9FC00BD155B /* AnimalsEventsJSONLoader.swift */ = {isa = PBXFileReference; lastKnownFileType = sourcecode.swift; path = AnimalsEventsJSONLoader.swift; sourceTree = "<group>"; };
		4D3875001FAD024700BD155B /* AnimalEventsViewController.swift */ = {isa = PBXFileReference; lastKnownFileType = sourcecode.swift; path = AnimalEventsViewController.swift; sourceTree = "<group>"; };
		4D3875021FAD02CC00BD155B /* AnimalEventDetailsViewController.swift */ = {isa = PBXFileReference; lastKnownFileType = sourcecode.swift; path = AnimalEventDetailsViewController.swift; sourceTree = "<group>"; };
		4D3875041FAD19A100BD155B /* AnimalEventTableViewCell.swift */ = {isa = PBXFileReference; lastKnownFileType = sourcecode.swift; path = AnimalEventTableViewCell.swift; sourceTree = "<group>"; };
/* End PBXFileReference section */

/* Begin PBXFrameworksBuildPhase section */
		4D3874BB1FACD7BF00BD155B /* Frameworks */ = {
			isa = PBXFrameworksBuildPhase;
			buildActionMask = 2147483647;
			files = (
			);
			runOnlyForDeploymentPostprocessing = 0;
		};
		4D3874CF1FACD7BF00BD155B /* Frameworks */ = {
			isa = PBXFrameworksBuildPhase;
			buildActionMask = 2147483647;
			files = (
			);
			runOnlyForDeploymentPostprocessing = 0;
		};
		4D3874DA1FACD7BF00BD155B /* Frameworks */ = {
			isa = PBXFrameworksBuildPhase;
			buildActionMask = 2147483647;
			files = (
			);
			runOnlyForDeploymentPostprocessing = 0;
		};
/* End PBXFrameworksBuildPhase section */

/* Begin PBXGroup section */
		4D3874B51FACD7BF00BD155B = {
			isa = PBXGroup;
			children = (
				4D3874C01FACD7BF00BD155B /* Field Survey */,
				4D3874D51FACD7BF00BD155B /* Field SurveyTests */,
				4D3874E01FACD7BF00BD155B /* Field SurveyUITests */,
				4D3874BF1FACD7BF00BD155B /* Products */,
			);
			sourceTree = "<group>";
		};
		4D3874BF1FACD7BF00BD155B /* Products */ = {
			isa = PBXGroup;
			children = (
				4D3874BE1FACD7BF00BD155B /* Field Survey.app */,
				4D3874D21FACD7BF00BD155B /* Field SurveyTests.xctest */,
				4D3874DD1FACD7BF00BD155B /* Field SurveyUITests.xctest */,
			);
			name = Products;
			sourceTree = "<group>";
		};
		4D3874C01FACD7BF00BD155B /* Field Survey */ = {
			isa = PBXGroup;
			children = (
				4D3874EF1FACDC2300BD155B /* Model */,
				4D3874C11FACD7BF00BD155B /* AppDelegate.swift */,
				4D3874C51FACD7BF00BD155B /* Main.storyboard */,
				4D3874C81FACD7BF00BD155B /* Assets.xcassets */,
				4D3874CA1FACD7BF00BD155B /* LaunchScreen.storyboard */,
				4D3874CD1FACD7BF00BD155B /* Info.plist */,
				4D3875001FAD024700BD155B /* AnimalEventsViewController.swift */,
				4D3875021FAD02CC00BD155B /* AnimalEventDetailsViewController.swift */,
				4D3875041FAD19A100BD155B /* AnimalEventTableViewCell.swift */,
			);
			path = "Field Survey";
			sourceTree = "<group>";
		};
		4D3874D51FACD7BF00BD155B /* Field SurveyTests */ = {
			isa = PBXGroup;
			children = (
				4D3874D61FACD7BF00BD155B /* Field_SurveyTests.swift */,
				4D3874D81FACD7BF00BD155B /* Info.plist */,
			);
			path = "Field SurveyTests";
			sourceTree = "<group>";
		};
		4D3874E01FACD7BF00BD155B /* Field SurveyUITests */ = {
			isa = PBXGroup;
			children = (
				4D3874E11FACD7BF00BD155B /* Field_SurveyUITests.swift */,
				4D3874E31FACD7BF00BD155B /* Info.plist */,
			);
			path = "Field SurveyUITests";
			sourceTree = "<group>";
		};
		4D3874EF1FACDC2300BD155B /* Model */ = {
			isa = PBXGroup;
			children = (
				4D3874F61FACDE8300BD155B /* field_observations.json */,
				4D3874F81FACDF7B00BD155B /* Animals.swift */,
				4D3874FA1FACE1C200BD155B /* animalsEvent.swift */,
				4D3874FC1FACE73F00BD155B /* animalsEventsJSONparser.swift */,
				4D3874FE1FACF9FC00BD155B /* AnimalsEventsJSONLoader.swift */,
			);
			path = Model;
			sourceTree = "<group>";
		};
/* End PBXGroup section */

/* Begin PBXNativeTarget section */
		4D3874BD1FACD7BF00BD155B /* Field Survey */ = {
			isa = PBXNativeTarget;
			buildConfigurationList = 4D3874E61FACD7BF00BD155B /* Build configuration list for PBXNativeTarget "Field Survey" */;
			buildPhases = (
				4D3874BA1FACD7BF00BD155B /* Sources */,
				4D3874BB1FACD7BF00BD155B /* Frameworks */,
				4D3874BC1FACD7BF00BD155B /* Resources */,
			);
			buildRules = (
			);
			dependencies = (
			);
			name = "Field Survey";
			productName = "Field Survey";
			productReference = 4D3874BE1FACD7BF00BD155B /* Field Survey.app */;
			productType = "com.apple.product-type.application";
		};
		4D3874D11FACD7BF00BD155B /* Field SurveyTests */ = {
			isa = PBXNativeTarget;
			buildConfigurationList = 4D3874E91FACD7BF00BD155B /* Build configuration list for PBXNativeTarget "Field SurveyTests" */;
			buildPhases = (
				4D3874CE1FACD7BF00BD155B /* Sources */,
				4D3874CF1FACD7BF00BD155B /* Frameworks */,
				4D3874D01FACD7BF00BD155B /* Resources */,
			);
			buildRules = (
			);
			dependencies = (
				4D3874D41FACD7BF00BD155B /* PBXTargetDependency */,
			);
			name = "Field SurveyTests";
			productName = "Field SurveyTests";
			productReference = 4D3874D21FACD7BF00BD155B /* Field SurveyTests.xctest */;
			productType = "com.apple.product-type.bundle.unit-test";
		};
		4D3874DC1FACD7BF00BD155B /* Field SurveyUITests */ = {
			isa = PBXNativeTarget;
			buildConfigurationList = 4D3874EC1FACD7BF00BD155B /* Build configuration list for PBXNativeTarget "Field SurveyUITests" */;
			buildPhases = (
				4D3874D91FACD7BF00BD155B /* Sources */,
				4D3874DA1FACD7BF00BD155B /* Frameworks */,
				4D3874DB1FACD7BF00BD155B /* Resources */,
			);
			buildRules = (
			);
			dependencies = (
				4D3874DF1FACD7BF00BD155B /* PBXTargetDependency */,
			);
			name = "Field SurveyUITests";
			productName = "Field SurveyUITests";
			productReference = 4D3874DD1FACD7BF00BD155B /* Field SurveyUITests.xctest */;
			productType = "com.apple.product-type.bundle.ui-testing";
		};
/* End PBXNativeTarget section */

/* Begin PBXProject section */
		4D3874B61FACD7BF00BD155B /* Project object */ = {
			isa = PBXProject;
			attributes = {
				LastSwiftUpdateCheck = 0900;
				LastUpgradeCheck = 0900;
				ORGANIZATIONNAME = "Lydia Krasucki";
				TargetAttributes = {
					4D3874BD1FACD7BF00BD155B = {
						CreatedOnToolsVersion = 9.0;
						ProvisioningStyle = Automatic;
					};
					4D3874D11FACD7BF00BD155B = {
						CreatedOnToolsVersion = 9.0;
						ProvisioningStyle = Automatic;
						TestTargetID = 4D3874BD1FACD7BF00BD155B;
					};
					4D3874DC1FACD7BF00BD155B = {
						CreatedOnToolsVersion = 9.0;
						ProvisioningStyle = Automatic;
						TestTargetID = 4D3874BD1FACD7BF00BD155B;
					};
				};
			};
			buildConfigurationList = 4D3874B91FACD7BF00BD155B /* Build configuration list for PBXProject "Field Survey" */;
			compatibilityVersion = "Xcode 8.0";
			developmentRegion = en;
			hasScannedForEncodings = 0;
			knownRegions = (
				en,
				Base,
			);
			mainGroup = 4D3874B51FACD7BF00BD155B;
			productRefGroup = 4D3874BF1FACD7BF00BD155B /* Products */;
			projectDirPath = "";
			projectRoot = "";
			targets = (
				4D3874BD1FACD7BF00BD155B /* Field Survey */,
				4D3874D11FACD7BF00BD155B /* Field SurveyTests */,
				4D3874DC1FACD7BF00BD155B /* Field SurveyUITests */,
			);
		};
/* End PBXProject section */

/* Begin PBXResourcesBuildPhase section */
		4D3874BC1FACD7BF00BD155B /* Resources */ = {
			isa = PBXResourcesBuildPhase;
			buildActionMask = 2147483647;
			files = (
				4D3874CC1FACD7BF00BD155B /* LaunchScreen.storyboard in Resources */,
				4D3874F71FACDE8300BD155B /* field_observations.json in Resources */,
				4D3874C91FACD7BF00BD155B /* Assets.xcassets in Resources */,
				4D3874C71FACD7BF00BD155B /* Main.storyboard in Resources */,
			);
			runOnlyForDeploymentPostprocessing = 0;
		};
		4D3874D01FACD7BF00BD155B /* Resources */ = {
			isa = PBXResourcesBuildPhase;
			buildActionMask = 2147483647;
			files = (
			);
			runOnlyForDeploymentPostprocessing = 0;
		};
		4D3874DB1FACD7BF00BD155B /* Resources */ = {
			isa = PBXResourcesBuildPhase;
			buildActionMask = 2147483647;
			files = (
			);
			runOnlyForDeploymentPostprocessing = 0;
		};
/* End PBXResourcesBuildPhase section */

/* Begin PBXSourcesBuildPhase section */
		4D3874BA1FACD7BF00BD155B /* Sources */ = {
			isa = PBXSourcesBuildPhase;
			buildActionMask = 2147483647;
			files = (
				4D3875051FAD19A100BD155B /* AnimalEventTableViewCell.swift in Sources */,
				4D3875011FAD024700BD155B /* AnimalEventsViewController.swift in Sources */,
				4D3874C21FACD7BF00BD155B /* AppDelegate.swift in Sources */,
				4D3874FD1FACE73F00BD155B /* animalsEventsJSONparser.swift in Sources */,
				4D3874FB1FACE1C200BD155B /* animalsEvent.swift in Sources */,
				4D3874F91FACDF7B00BD155B /* Animals.swift in Sources */,
				4D3875031FAD02CC00BD155B /* AnimalEventDetailsViewController.swift in Sources */,
				4D3874FF1FACF9FC00BD155B /* AnimalsEventsJSONLoader.swift in Sources */,
			);
			runOnlyForDeploymentPostprocessing = 0;
		};
		4D3874CE1FACD7BF00BD155B /* Sources */ = {
			isa = PBXSourcesBuildPhase;
			buildActionMask = 2147483647;
			files = (
				4D3874D71FACD7BF00BD155B /* Field_SurveyTests.swift in Sources */,
			);
			runOnlyForDeploymentPostprocessing = 0;
		};
		4D3874D91FACD7BF00BD155B /* Sources */ = {
			isa = PBXSourcesBuildPhase;
			buildActionMask = 2147483647;
			files = (
				4D3874E21FACD7BF00BD155B /* Field_SurveyUITests.swift in Sources */,
			);
			runOnlyForDeploymentPostprocessing = 0;
		};
/* End PBXSourcesBuildPhase section */

/* Begin PBXTargetDependency section */
		4D3874D41FACD7BF00BD155B /* PBXTargetDependency */ = {
			isa = PBXTargetDependency;
			target = 4D3874BD1FACD7BF00BD155B /* Field Survey */;
			targetProxy = 4D3874D31FACD7BF00BD155B /* PBXContainerItemProxy */;
		};
		4D3874DF1FACD7BF00BD155B /* PBXTargetDependency */ = {
			isa = PBXTargetDependency;
			target = 4D3874BD1FACD7BF00BD155B /* Field Survey */;
			targetProxy = 4D3874DE1FACD7BF00BD155B /* PBXContainerItemProxy */;
		};
/* End PBXTargetDependency section */

/* Begin PBXVariantGroup section */
		4D3874C51FACD7BF00BD155B /* Main.storyboard */ = {
			isa = PBXVariantGroup;
			children = (
				4D3874C61FACD7BF00BD155B /* Base */,
			);
			name = Main.storyboard;
			sourceTree = "<group>";
		};
		4D3874CA1FACD7BF00BD155B /* LaunchScreen.storyboard */ = {
			isa = PBXVariantGroup;
			children = (
				4D3874CB1FACD7BF00BD155B /* Base */,
			);
			name = LaunchScreen.storyboard;
			sourceTree = "<group>";
		};
/* End PBXVariantGroup section */

/* Begin XCBuildConfiguration section */
		4D3874E41FACD7BF00BD155B /* Debug */ = {
			isa = XCBuildConfiguration;
			buildSettings = {
				ALWAYS_SEARCH_USER_PATHS = NO;
				CLANG_ANALYZER_NONNULL = YES;
				CLANG_ANALYZER_NUMBER_OBJECT_CONVERSION = YES_AGGRESSIVE;
				CLANG_CXX_LANGUAGE_STANDARD = "gnu++14";
				CLANG_CXX_LIBRARY = "libc++";
				CLANG_ENABLE_MODULES = YES;
				CLANG_ENABLE_OBJC_ARC = YES;
				CLANG_WARN_BLOCK_CAPTURE_AUTORELEASING = YES;
				CLANG_WARN_BOOL_CONVERSION = YES;
				CLANG_WARN_COMMA = YES;
				CLANG_WARN_CONSTANT_CONVERSION = YES;
				CLANG_WARN_DIRECT_OBJC_ISA_USAGE = YES_ERROR;
				CLANG_WARN_DOCUMENTATION_COMMENTS = YES;
				CLANG_WARN_EMPTY_BODY = YES;
				CLANG_WARN_ENUM_CONVERSION = YES;
				CLANG_WARN_INFINITE_RECURSION = YES;
				CLANG_WARN_INT_CONVERSION = YES;
				CLANG_WARN_NON_LITERAL_NULL_CONVERSION = YES;
				CLANG_WARN_OBJC_LITERAL_CONVERSION = YES;
				CLANG_WARN_OBJC_ROOT_CLASS = YES_ERROR;
				CLANG_WARN_RANGE_LOOP_ANALYSIS = YES;
				CLANG_WARN_STRICT_PROTOTYPES = YES;
				CLANG_WARN_SUSPICIOUS_MOVE = YES;
				CLANG_WARN_UNGUARDED_AVAILABILITY = YES_AGGRESSIVE;
				CLANG_WARN_UNREACHABLE_CODE = YES;
				CLANG_WARN__DUPLICATE_METHOD_MATCH = YES;
				CODE_SIGN_IDENTITY = "iPhone Developer";
				COPY_PHASE_STRIP = NO;
				DEBUG_INFORMATION_FORMAT = dwarf;
				ENABLE_STRICT_OBJC_MSGSEND = YES;
				ENABLE_TESTABILITY = YES;
				GCC_C_LANGUAGE_STANDARD = gnu11;
				GCC_DYNAMIC_NO_PIC = NO;
				GCC_NO_COMMON_BLOCKS = YES;
				GCC_OPTIMIZATION_LEVEL = 0;
				GCC_PREPROCESSOR_DEFINITIONS = (
					"DEBUG=1",
					"$(inherited)",
				);
				GCC_WARN_64_TO_32_BIT_CONVERSION = YES;
				GCC_WARN_ABOUT_RETURN_TYPE = YES_ERROR;
				GCC_WARN_UNDECLARED_SELECTOR = YES;
				GCC_WARN_UNINITIALIZED_AUTOS = YES_AGGRESSIVE;
				GCC_WARN_UNUSED_FUNCTION = YES;
				GCC_WARN_UNUSED_VARIABLE = YES;
				IPHONEOS_DEPLOYMENT_TARGET = 11.0;
				MTL_ENABLE_DEBUG_INFO = YES;
				ONLY_ACTIVE_ARCH = YES;
				SDKROOT = iphoneos;
				SWIFT_ACTIVE_COMPILATION_CONDITIONS = DEBUG;
				SWIFT_OPTIMIZATION_LEVEL = "-Onone";
			};
			name = Debug;
		};
		4D3874E51FACD7BF00BD155B /* Release */ = {
			isa = XCBuildConfiguration;
			buildSettings = {
				ALWAYS_SEARCH_USER_PATHS = NO;
				CLANG_ANALYZER_NONNULL = YES;
				CLANG_ANALYZER_NUMBER_OBJECT_CONVERSION = YES_AGGRESSIVE;
				CLANG_CXX_LANGUAGE_STANDARD = "gnu++14";
				CLANG_CXX_LIBRARY = "libc++";
				CLANG_ENABLE_MODULES = YES;
				CLANG_ENABLE_OBJC_ARC = YES;
				CLANG_WARN_BLOCK_CAPTURE_AUTORELEASING = YES;
				CLANG_WARN_BOOL_CONVERSION = YES;
				CLANG_WARN_COMMA = YES;
				CLANG_WARN_CONSTANT_CONVERSION = YES;
				CLANG_WARN_DIRECT_OBJC_ISA_USAGE = YES_ERROR;
				CLANG_WARN_DOCUMENTATION_COMMENTS = YES;
				CLANG_WARN_EMPTY_BODY = YES;
				CLANG_WARN_ENUM_CONVERSION = YES;
				CLANG_WARN_INFINITE_RECURSION = YES;
				CLANG_WARN_INT_CONVERSION = YES;
				CLANG_WARN_NON_LITERAL_NULL_CONVERSION = YES;
				CLANG_WARN_OBJC_LITERAL_CONVERSION = YES;
				CLANG_WARN_OBJC_ROOT_CLASS = YES_ERROR;
				CLANG_WARN_RANGE_LOOP_ANALYSIS = YES;
				CLANG_WARN_STRICT_PROTOTYPES = YES;
				CLANG_WARN_SUSPICIOUS_MOVE = YES;
				CLANG_WARN_UNGUARDED_AVAILABILITY = YES_AGGRESSIVE;
				CLANG_WARN_UNREACHABLE_CODE = YES;
				CLANG_WARN__DUPLICATE_METHOD_MATCH = YES;
				CODE_SIGN_IDENTITY = "iPhone Developer";
				COPY_PHASE_STRIP = NO;
				DEBUG_INFORMATION_FORMAT = "dwarf-with-dsym";
				ENABLE_NS_ASSERTIONS = NO;
				ENABLE_STRICT_OBJC_MSGSEND = YES;
				GCC_C_LANGUAGE_STANDARD = gnu11;
				GCC_NO_COMMON_BLOCKS = YES;
				GCC_WARN_64_TO_32_BIT_CONVERSION = YES;
				GCC_WARN_ABOUT_RETURN_TYPE = YES_ERROR;
				GCC_WARN_UNDECLARED_SELECTOR = YES;
				GCC_WARN_UNINITIALIZED_AUTOS = YES_AGGRESSIVE;
				GCC_WARN_UNUSED_FUNCTION = YES;
				GCC_WARN_UNUSED_VARIABLE = YES;
				IPHONEOS_DEPLOYMENT_TARGET = 11.0;
				MTL_ENABLE_DEBUG_INFO = NO;
				SDKROOT = iphoneos;
				SWIFT_OPTIMIZATION_LEVEL = "-Owholemodule";
				VALIDATE_PRODUCT = YES;
			};
			name = Release;
		};
		4D3874E71FACD7BF00BD155B /* Debug */ = {
			isa = XCBuildConfiguration;
			buildSettings = {
				ASSETCATALOG_COMPILER_APPICON_NAME = AppIcon;
				CODE_SIGN_STYLE = Automatic;
				INFOPLIST_FILE = "Field Survey/Info.plist";
				LD_RUNPATH_SEARCH_PATHS = "$(inherited) @executable_path/Frameworks";
				PRODUCT_BUNDLE_IDENTIFIER = "lkyq9.com.Field-Survey";
				PRODUCT_NAME = "$(TARGET_NAME)";
				SWIFT_VERSION = 4.0;
				TARGETED_DEVICE_FAMILY = "1,2";
			};
			name = Debug;
		};
		4D3874E81FACD7BF00BD155B /* Release */ = {
			isa = XCBuildConfiguration;
			buildSettings = {
				ASSETCATALOG_COMPILER_APPICON_NAME = AppIcon;
				CODE_SIGN_STYLE = Automatic;
				INFOPLIST_FILE = "Field Survey/Info.plist";
				LD_RUNPATH_SEARCH_PATHS = "$(inherited) @executable_path/Frameworks";
				PRODUCT_BUNDLE_IDENTIFIER = "lkyq9.com.Field-Survey";
				PRODUCT_NAME = "$(TARGET_NAME)";
				SWIFT_VERSION = 4.0;
				TARGETED_DEVICE_FAMILY = "1,2";
			};
			name = Release;
		};
		4D3874EA1FACD7BF00BD155B /* Debug */ = {
			isa = XCBuildConfiguration;
			buildSettings = {
				ALWAYS_EMBED_SWIFT_STANDARD_LIBRARIES = YES;
				BUNDLE_LOADER = "$(TEST_HOST)";
				CODE_SIGN_STYLE = Automatic;
				INFOPLIST_FILE = "Field SurveyTests/Info.plist";
				LD_RUNPATH_SEARCH_PATHS = "$(inherited) @executable_path/Frameworks @loader_path/Frameworks";
				PRODUCT_BUNDLE_IDENTIFIER = "lkyq9.com.Field-SurveyTests";
				PRODUCT_NAME = "$(TARGET_NAME)";
				SWIFT_VERSION = 4.0;
				TARGETED_DEVICE_FAMILY = "1,2";
				TEST_HOST = "$(BUILT_PRODUCTS_DIR)/Field Survey.app/Field Survey";
			};
			name = Debug;
		};
		4D3874EB1FACD7BF00BD155B /* Release */ = {
			isa = XCBuildConfiguration;
			buildSettings = {
				ALWAYS_EMBED_SWIFT_STANDARD_LIBRARIES = YES;
				BUNDLE_LOADER = "$(TEST_HOST)";
				CODE_SIGN_STYLE = Automatic;
				INFOPLIST_FILE = "Field SurveyTests/Info.plist";
				LD_RUNPATH_SEARCH_PATHS = "$(inherited) @executable_path/Frameworks @loader_path/Frameworks";
				PRODUCT_BUNDLE_IDENTIFIER = "lkyq9.com.Field-SurveyTests";
				PRODUCT_NAME = "$(TARGET_NAME)";
				SWIFT_VERSION = 4.0;
				TARGETED_DEVICE_FAMILY = "1,2";
				TEST_HOST = "$(BUILT_PRODUCTS_DIR)/Field Survey.app/Field Survey";
			};
			name = Release;
		};
		4D3874ED1FACD7BF00BD155B /* Debug */ = {
			isa = XCBuildConfiguration;
			buildSettings = {
				ALWAYS_EMBED_SWIFT_STANDARD_LIBRARIES = YES;
				CODE_SIGN_STYLE = Automatic;
				INFOPLIST_FILE = "Field SurveyUITests/Info.plist";
				LD_RUNPATH_SEARCH_PATHS = "$(inherited) @executable_path/Frameworks @loader_path/Frameworks";
				PRODUCT_BUNDLE_IDENTIFIER = "lkyq9.com.Field-SurveyUITests";
				PRODUCT_NAME = "$(TARGET_NAME)";
				SWIFT_VERSION = 4.0;
				TARGETED_DEVICE_FAMILY = "1,2";
				TEST_TARGET_NAME = "Field Survey";
			};
			name = Debug;
		};
		4D3874EE1FACD7BF00BD155B /* Release */ = {
			isa = XCBuildConfiguration;
			buildSettings = {
				ALWAYS_EMBED_SWIFT_STANDARD_LIBRARIES = YES;
				CODE_SIGN_STYLE = Automatic;
				INFOPLIST_FILE = "Field SurveyUITests/Info.plist";
				LD_RUNPATH_SEARCH_PATHS = "$(inherited) @executable_path/Frameworks @loader_path/Frameworks";
				PRODUCT_BUNDLE_IDENTIFIER = "lkyq9.com.Field-SurveyUITests";
				PRODUCT_NAME = "$(TARGET_NAME)";
				SWIFT_VERSION = 4.0;
				TARGETED_DEVICE_FAMILY = "1,2";
				TEST_TARGET_NAME = "Field Survey";
			};
			name = Release;
		};
/* End XCBuildConfiguration section */

/* Begin XCConfigurationList section */
		4D3874B91FACD7BF00BD155B /* Build configuration list for PBXProject "Field Survey" */ = {
			isa = XCConfigurationList;
			buildConfigurations = (
				4D3874E41FACD7BF00BD155B /* Debug */,
				4D3874E51FACD7BF00BD155B /* Release */,
			);
			defaultConfigurationIsVisible = 0;
			defaultConfigurationName = Release;
		};
		4D3874E61FACD7BF00BD155B /* Build configuration list for PBXNativeTarget "Field Survey" */ = {
			isa = XCConfigurationList;
			buildConfigurations = (
				4D3874E71FACD7BF00BD155B /* Debug */,
				4D3874E81FACD7BF00BD155B /* Release */,
			);
			defaultConfigurationIsVisible = 0;
			defaultConfigurationName = Release;
		};
		4D3874E91FACD7BF00BD155B /* Build configuration list for PBXNativeTarget "Field SurveyTests" */ = {
			isa = XCConfigurationList;
			buildConfigurations = (
				4D3874EA1FACD7BF00BD155B /* Debug */,
				4D3874EB1FACD7BF00BD155B /* Release */,
			);
			defaultConfigurationIsVisible = 0;
			defaultConfigurationName = Release;
		};
		4D3874EC1FACD7BF00BD155B /* Build configuration list for PBXNativeTarget "Field SurveyUITests" */ = {
			isa = XCConfigurationList;
			buildConfigurations = (
				4D3874ED1FACD7BF00BD155B /* Debug */,
				4D3874EE1FACD7BF00BD155B /* Release */,
			);
			defaultConfigurationIsVisible = 0;
			defaultConfigurationName = Release;
		};
/* End XCConfigurationList section */
	};
	rootObject = 4D3874B61FACD7BF00BD155B /* Project object */;
}
